
Microsoft Visual Studio Solution File, Format Version 12.00
# Visual Studio 2013
VisualStudioVersion = 12.0.21005.1
MinimumVisualStudioVersion = 10.0.40219.1
Project("{FAE04EC0-301F-11D3-BF4B-00C04F79EFBC}") = "WAProyectoChiyiStore", "WAProyectoChiyiStore\WAProyectoChiyiStore.csproj", "{F26C26F2-4AAF-4F54-9B50-AE48A0B755F2}"
EndProject
Global
	GlobalSection(SolutionConfigurationPlatforms) = preSolution
		Debug|Any CPU = Debug|Any CPU
		Release|Any CPU = Release|Any CPU
	EndGlobalSection
	GlobalSection(ProjectConfigurationPlatforms) = postSolution
		{F26C26F2-4AAF-4F54-9B50-AE48A0B755F2}.Debug|Any CPU.ActiveCfg = Debug|Any CPU
		{F26C26F2-4AAF-4F54-9B50-AE48A0B755F2}.Debug|Any CPU.Build.0 = Debug|Any CPU
		{F26C26F2-4AAF-4F54-9B50-AE48A0B755F2}.Release|Any CPU.ActiveCfg = Release|Any CPU
		{F26C26F2-4AAF-4F54-9B50-AE48A0B755F2}.Release|Any CPU.Build.0 = Release|Any CPU
	EndGlobalSection
	GlobalSection(SolutionProperties) = preSolution
		HideSolutionNode = FALSE
	EndGlobalSection
EndGlobal
